
Microsoft Visual Studio Solution File, Format Version 12.00
# Visual Studio Version 17
VisualStudioVersion = 17.10.35122.118
MinimumVisualStudioVersion = 10.0.40219.1
Project("{9A19103F-16F7-4668-BE54-9A1E7A4F7556}") = "Exercicio 1", "Exercicio1\Exercicio 1.csproj", "{BFC6738B-6907-4C0E-BB3A-E667444C04DC}"
EndProject
Project("{9A19103F-16F7-4668-BE54-9A1E7A4F7556}") = "Exercicio 2", "Exercicio2\Exercicio 2.csproj", "{92E3D620-AD08-4D7A-BECA-10F2E0B33B16}"
EndProject
Project("{9A19103F-16F7-4668-BE54-9A1E7A4F7556}") = "Exercicio 3", "Exercicio3\Exercicio 3.csproj", "{355E019C-A7A1-4578-B300-45197A8B8453}"
EndProject
Project("{9A19103F-16F7-4668-BE54-9A1E7A4F7556}") = "Exercicio 4", "Exercicio4\Exercicio 4.csproj", "{195F80E3-CCE4-44B0-BB61-132B043E470B}"
EndProject
Project("{9A19103F-16F7-4668-BE54-9A1E7A4F7556}") = "Exercicio 5", "Exercicio5\Exercicio 5.csproj", "{209879FE-5C0F-45F2-A58A-4B763CA30F45}"
EndProject
Project("{9A19103F-16F7-4668-BE54-9A1E7A4F7556}") = "Exercicio 6", "Exercicio6\Exercicio 6.csproj", "{EA000CF5-9384-44AB-9C5E-B8CC23E0C35E}"
EndProject
Project("{9A19103F-16F7-4668-BE54-9A1E7A4F7556}") = "Exercicio 7", "Exercicio7\Exercicio 7.csproj", "{5FAB0AE5-D440-4EB1-BBE6-42E73594B09E}"
EndProject
Project("{9A19103F-16F7-4668-BE54-9A1E7A4F7556}") = "Exercicio 8", "Exercicio8\Exercicio 8.csproj", "{31E9E849-4F0A-4FEF-8242-5EE90C69F46D}"
EndProject
Project("{9A19103F-16F7-4668-BE54-9A1E7A4F7556}") = "Exercicio 9", "Exercicio9\Exercicio 9.csproj", "{06BEFBC8-B2C9-466B-9393-ECCC74481AE9}"
EndProject
Project("{9A19103F-16F7-4668-BE54-9A1E7A4F7556}") = "Exercicio10", "Exercicio10\Exercicio10.csproj", "{2E74457A-B0D3-4234-A92F-AF746ECBC433}"
EndProject
Project("{9A19103F-16F7-4668-BE54-9A1E7A4F7556}") = "Exercicio11", "Exercicio11\Exercicio11.csproj", "{8F00BC5D-E0CC-4D5F-AF71-0DB7D656C840}"
EndProject
Project("{9A19103F-16F7-4668-BE54-9A1E7A4F7556}") = "Exercicio12", "Exercicio12\Exercicio12.csproj", "{D83F7D41-9F34-4D3C-A811-C0AA3B80EBC5}"
EndProject
Project("{9A19103F-16F7-4668-BE54-9A1E7A4F7556}") = "Exercicio13", "Exercicio13\Exercicio13.csproj", "{90929CE5-857B-4FD2-B1F5-C91F244489F9}"
EndProject
Project("{9A19103F-16F7-4668-BE54-9A1E7A4F7556}") = "Exercicio14", "Exercicio14\Exercicio14.csproj", "{B30FA3B6-5EA4-4822-BC87-8C0BDFF22437}"
EndProject
Project("{9A19103F-16F7-4668-BE54-9A1E7A4F7556}") = "Exercicio15", "Exercicio15\Exercicio15.csproj", "{668FB7C0-A012-4403-9CE1-0F1E2A05ABFA}"
EndProject
Project("{9A19103F-16F7-4668-BE54-9A1E7A4F7556}") = "Exercicio16", "Exercicio16\Exercicio16.csproj", "{1AE7C39D-8732-4CF3-92AD-DB3622F1A95B}"
EndProject
Project("{9A19103F-16F7-4668-BE54-9A1E7A4F7556}") = "Exercicio17", "Exercicio17\Exercicio17.csproj", "{746AF4B2-6C90-4A02-A951-477E735DC876}"
EndProject
Project("{9A19103F-16F7-4668-BE54-9A1E7A4F7556}") = "Exercicio18", "Exercicio18\Exercicio18.csproj", "{E8E91BA9-3E3D-43D9-9EE5-C3F06159D1D3}"
EndProject
Project("{9A19103F-16F7-4668-BE54-9A1E7A4F7556}") = "Exercicio19", "Exercicio19\Exercicio19.csproj", "{C59FE1E2-0813-427B-A074-BD4724E7DAA6}"
EndProject
Project("{9A19103F-16F7-4668-BE54-9A1E7A4F7556}") = "Exercicio20", "Exercicio20\Exercicio20.csproj", "{0A7D7622-72E7-407E-906E-4AE95F2376C5}"
EndProject
Project("{9A19103F-16F7-4668-BE54-9A1E7A4F7556}") = "Exercicio21", "Exercicio21\Exercicio21.csproj", "{02F438B9-0647-49DE-A73B-56B19C05AD9F}"
EndProject
Project("{9A19103F-16F7-4668-BE54-9A1E7A4F7556}") = "Exercicio22", "Exercicio22\Exercicio22.csproj", "{F81B9B71-F328-458B-8109-CC6181DED241}"
EndProject
Project("{9A19103F-16F7-4668-BE54-9A1E7A4F7556}") = "Exercicio23", "Exercicio23\Exercicio23.csproj", "{E94A90D8-34AD-4FAC-BF8D-1C19B7D68B16}"
EndProject
Project("{9A19103F-16F7-4668-BE54-9A1E7A4F7556}") = "Exercicio24", "Exercicio24\Exercicio24.csproj", "{069302AF-682D-4811-8E74-454EC7A39C22}"
EndProject
Project("{9A19103F-16F7-4668-BE54-9A1E7A4F7556}") = "Exercicio25", "Exercicio25\Exercicio25.csproj", "{F053908B-7422-40A0-81EA-F4DED882833A}"
EndProject
Project("{9A19103F-16F7-4668-BE54-9A1E7A4F7556}") = "Exercicio26", "Exercicio26\Exercicio26.csproj", "{5B038E08-89AD-4CAC-82DD-587A422B9353}"
EndProject
Project("{9A19103F-16F7-4668-BE54-9A1E7A4F7556}") = "Exercicio27", "Exercicio27\Exercicio27.csproj", "{A69A9B87-F685-4BF7-BE3A-1C1A049F471B}"
EndProject
Project("{9A19103F-16F7-4668-BE54-9A1E7A4F7556}") = "Exercicio28", "Exercicio28\Exercicio28.csproj", "{7CC340C2-FF85-4805-ADA2-91A089E6F7F5}"
EndProject
Project("{9A19103F-16F7-4668-BE54-9A1E7A4F7556}") = "Exercicio29", "Exercicio29\Exercicio29.csproj", "{3B899E43-7CE7-4A0B-A9F1-3E86EAD6C3A2}"
EndProject
Project("{9A19103F-16F7-4668-BE54-9A1E7A4F7556}") = "Exercicio30", "Exercicio30\Exercicio30.csproj", "{788DD76B-CA05-4756-A2D2-CA050E29593D}"
EndProject
Project("{9A19103F-16F7-4668-BE54-9A1E7A4F7556}") = "Exercicio31", "Exercicio31\Exercicio31.csproj", "{0710E543-17D4-466C-8C46-9F4811544844}"
EndProject
Project("{9A19103F-16F7-4668-BE54-9A1E7A4F7556}") = "Exercicio32", "Exercicio32\Exercicio32.csproj", "{D0904DB7-31AF-409D-A928-E92990203A8B}"
EndProject
Project("{9A19103F-16F7-4668-BE54-9A1E7A4F7556}") = "Exercicio33", "Exercicio 33\Exercicio33.csproj", "{C565E28E-0C4D-4BEA-835C-F4B5898AFBD5}"
EndProject
Project("{9A19103F-16F7-4668-BE54-9A1E7A4F7556}") = "Exercicio34", "Exercicio34\Exercicio34.csproj", "{CB254A63-6B09-4490-B9ED-8F9FC24DCC46}"
EndProject
Project("{9A19103F-16F7-4668-BE54-9A1E7A4F7556}") = "Exercicio35", "Exercicio35\Exercicio35.csproj", "{F1974B9A-79EB-4B53-AB6B-687C32885925}"
EndProject
Project("{9A19103F-16F7-4668-BE54-9A1E7A4F7556}") = "Exercicio36", "Exercicio36\Exercicio36.csproj", "{2CFDAAD5-4893-46E0-A932-F17F7BF4C250}"
EndProject
Project("{9A19103F-16F7-4668-BE54-9A1E7A4F7556}") = "Exercicio37", "Exercicio37\Exercicio37.csproj", "{BEB8398D-47F0-43F5-8924-7362E2CBCB85}"
EndProject
Project("{9A19103F-16F7-4668-BE54-9A1E7A4F7556}") = "Exercicio38", "Exercicio 38\Exercicio38.csproj", "{617B6242-A70F-43C8-B98C-EDE00ADD5B89}"
EndProject
Project("{9A19103F-16F7-4668-BE54-9A1E7A4F7556}") = "Exercicio39", "Exercicio39\Exercicio39.csproj", "{709FD22A-8D78-4B95-9CAF-0767871B3D17}"
EndProject
Project("{9A19103F-16F7-4668-BE54-9A1E7A4F7556}") = "Exercicio40", "Exercicio40\Exercicio40.csproj", "{CBCC2368-0B0D-4183-929E-6B291F0DEE45}"
EndProject
Project("{9A19103F-16F7-4668-BE54-9A1E7A4F7556}") = "Exercicio41", "Exercicio41\Exercicio41.csproj", "{2639D06C-AF6C-443D-8660-0DBC3AF62BFA}"
EndProject
Project("{9A19103F-16F7-4668-BE54-9A1E7A4F7556}") = "Exercicio42", "Exercicio42\Exercicio42.csproj", "{E5ACA328-6144-4F5A-A630-34DE00B52EED}"
EndProject
Project("{9A19103F-16F7-4668-BE54-9A1E7A4F7556}") = "Exercicio43", "Exercicio43\Exercicio43.csproj", "{E38E1852-5FD1-4495-A820-F31A8116E95D}"
EndProject
Project("{9A19103F-16F7-4668-BE54-9A1E7A4F7556}") = "Exercicio44", "Exercicio44\Exercicio44.csproj", "{377BE0F6-4F60-4A26-AB3E-426FF9CCD9B6}"
EndProject
Project("{9A19103F-16F7-4668-BE54-9A1E7A4F7556}") = "Exercicio45", "Exercicio45\Exercicio45.csproj", "{5089EB57-03A2-4812-864F-04F73308978E}"
EndProject
Project("{9A19103F-16F7-4668-BE54-9A1E7A4F7556}") = "Exercicio46", "Exercicio46\Exercicio46.csproj", "{C8208C1D-8E47-4D36-91C8-8D6D401FBFC8}"
EndProject
Project("{9A19103F-16F7-4668-BE54-9A1E7A4F7556}") = "Exercicio47", "Exercicio47\Exercicio47.csproj", "{3AF914B2-EA31-46C2-8D45-274EAF8FF966}"
EndProject
Project("{9A19103F-16F7-4668-BE54-9A1E7A4F7556}") = "Exercicio48", "Exercicio48\Exercicio48.csproj", "{F4DCE770-B581-484A-ADBF-FA7D71E23FDD}"
EndProject
Project("{9A19103F-16F7-4668-BE54-9A1E7A4F7556}") = "Exercicio50", "Exercicio49\Exercicio50.csproj", "{ED21DA11-65AF-4183-A8F0-940E6F8B3391}"
EndProject
Project("{9A19103F-16F7-4668-BE54-9A1E7A4F7556}") = "Exercicio51", "Exercicio51\Exercicio51.csproj", "{1F6C963D-22C5-4468-9246-0AF40D6C0210}"
EndProject
Project("{9A19103F-16F7-4668-BE54-9A1E7A4F7556}") = "Exercicio52", "Exercicio52\Exercicio52.csproj", "{32835A70-07C2-4AB9-B6A9-5C1E16C5ABBD}"
EndProject
Project("{9A19103F-16F7-4668-BE54-9A1E7A4F7556}") = "Exercicio53", "Exercicio53\Exercicio53.csproj", "{6025F98F-BB8F-4FD0-B5FF-D56D4D0AAC63}"
EndProject
Project("{FAE04EC0-301F-11D3-BF4B-00C04F79EFBC}") = "Exercicio54", "Exercicio54\Exercicio54.csproj", "{ED4DD3E7-E194-4256-AB49-FDDE54460101}"
EndProject
Project("{FAE04EC0-301F-11D3-BF4B-00C04F79EFBC}") = "Exercicio55", "Exercicio55\Exercicio55.csproj", "{B7404D68-0BA7-4A6C-9DE7-AD9F3BA43187}"
EndProject
Project("{FAE04EC0-301F-11D3-BF4B-00C04F79EFBC}") = "Exercicio56", "Exercicio56\Exercicio56.csproj", "{39BBEECA-F4F0-48D9-97F8-BFDB0C2B07BD}"
EndProject
Project("{FAE04EC0-301F-11D3-BF4B-00C04F79EFBC}") = "Exercicio57", "Exercicio57\Exercicio57.csproj", "{9810BD9C-979C-45F2-9802-BC145EEB14A1}"
EndProject
Project("{FAE04EC0-301F-11D3-BF4B-00C04F79EFBC}") = "Exercicio58", "Exercicio58\Exercicio58.csproj", "{6EB83E53-0AAC-48BD-90F0-3CEF56626729}"
EndProject
Project("{FAE04EC0-301F-11D3-BF4B-00C04F79EFBC}") = "Exercicio59", "Exercicio59\Exercicio59.csproj", "{F638CE18-EC3C-4C15-9054-78185DC063D9}"
EndProject
Project("{FAE04EC0-301F-11D3-BF4B-00C04F79EFBC}") = "Exercicio60", "Exercicio60\Exercicio60.csproj", "{BD51CCAB-E22A-4BEB-BC18-7439C8E3262C}"
EndProject
Project("{FAE04EC0-301F-11D3-BF4B-00C04F79EFBC}") = "Exercicio61", "Exercicio61\Exercicio61.csproj", "{A7AA60B5-89FC-4596-A591-1AFFC4443E08}"
EndProject
Project("{FAE04EC0-301F-11D3-BF4B-00C04F79EFBC}") = "Exercicio62", "Exercicio62\Exercicio62.csproj", "{1A5D34C1-80C6-461A-AC5F-30C2B5CFEB70}"
EndProject
Project("{FAE04EC0-301F-11D3-BF4B-00C04F79EFBC}") = "Exercicio63", "Exercicio63\Exercicio63.csproj", "{ED4C8416-0E26-4F0F-9015-BB70F55047DC}"
EndProject
Project("{FAE04EC0-301F-11D3-BF4B-00C04F79EFBC}") = "Exercicio64", "Exercicio64\Exercicio64.csproj", "{50420688-3ADC-4137-9DAF-A268E1FEDBAD}"
EndProject
Global
	GlobalSection(SolutionConfigurationPlatforms) = preSolution
		Debug|Any CPU = Debug|Any CPU
		Release|Any CPU = Release|Any CPU
	EndGlobalSection
	GlobalSection(ProjectConfigurationPlatforms) = postSolution
		{BFC6738B-6907-4C0E-BB3A-E667444C04DC}.Debug|Any CPU.ActiveCfg = Debug|Any CPU
		{BFC6738B-6907-4C0E-BB3A-E667444C04DC}.Debug|Any CPU.Build.0 = Debug|Any CPU
		{BFC6738B-6907-4C0E-BB3A-E667444C04DC}.Release|Any CPU.ActiveCfg = Release|Any CPU
		{BFC6738B-6907-4C0E-BB3A-E667444C04DC}.Release|Any CPU.Build.0 = Release|Any CPU
		{92E3D620-AD08-4D7A-BECA-10F2E0B33B16}.Debug|Any CPU.ActiveCfg = Debug|Any CPU
		{92E3D620-AD08-4D7A-BECA-10F2E0B33B16}.Debug|Any CPU.Build.0 = Debug|Any CPU
		{92E3D620-AD08-4D7A-BECA-10F2E0B33B16}.Release|Any CPU.ActiveCfg = Release|Any CPU
		{92E3D620-AD08-4D7A-BECA-10F2E0B33B16}.Release|Any CPU.Build.0 = Release|Any CPU
		{355E019C-A7A1-4578-B300-45197A8B8453}.Debug|Any CPU.ActiveCfg = Debug|Any CPU
		{355E019C-A7A1-4578-B300-45197A8B8453}.Debug|Any CPU.Build.0 = Debug|Any CPU
		{355E019C-A7A1-4578-B300-45197A8B8453}.Release|Any CPU.ActiveCfg = Release|Any CPU
		{355E019C-A7A1-4578-B300-45197A8B8453}.Release|Any CPU.Build.0 = Release|Any CPU
		{195F80E3-CCE4-44B0-BB61-132B043E470B}.Debug|Any CPU.ActiveCfg = Debug|Any CPU
		{195F80E3-CCE4-44B0-BB61-132B043E470B}.Debug|Any CPU.Build.0 = Debug|Any CPU
		{195F80E3-CCE4-44B0-BB61-132B043E470B}.Release|Any CPU.ActiveCfg = Release|Any CPU
		{195F80E3-CCE4-44B0-BB61-132B043E470B}.Release|Any CPU.Build.0 = Release|Any CPU
		{209879FE-5C0F-45F2-A58A-4B763CA30F45}.Debug|Any CPU.ActiveCfg = Debug|Any CPU
		{209879FE-5C0F-45F2-A58A-4B763CA30F45}.Debug|Any CPU.Build.0 = Debug|Any CPU
		{209879FE-5C0F-45F2-A58A-4B763CA30F45}.Release|Any CPU.ActiveCfg = Release|Any CPU
		{209879FE-5C0F-45F2-A58A-4B763CA30F45}.Release|Any CPU.Build.0 = Release|Any CPU
		{EA000CF5-9384-44AB-9C5E-B8CC23E0C35E}.Debug|Any CPU.ActiveCfg = Debug|Any CPU
		{EA000CF5-9384-44AB-9C5E-B8CC23E0C35E}.Debug|Any CPU.Build.0 = Debug|Any CPU
		{EA000CF5-9384-44AB-9C5E-B8CC23E0C35E}.Release|Any CPU.ActiveCfg = Release|Any CPU
		{EA000CF5-9384-44AB-9C5E-B8CC23E0C35E}.Release|Any CPU.Build.0 = Release|Any CPU
		{5FAB0AE5-D440-4EB1-BBE6-42E73594B09E}.Debug|Any CPU.ActiveCfg = Debug|Any CPU
		{5FAB0AE5-D440-4EB1-BBE6-42E73594B09E}.Debug|Any CPU.Build.0 = Debug|Any CPU
		{5FAB0AE5-D440-4EB1-BBE6-42E73594B09E}.Release|Any CPU.ActiveCfg = Release|Any CPU
		{5FAB0AE5-D440-4EB1-BBE6-42E73594B09E}.Release|Any CPU.Build.0 = Release|Any CPU
		{31E9E849-4F0A-4FEF-8242-5EE90C69F46D}.Debug|Any CPU.ActiveCfg = Debug|Any CPU
		{31E9E849-4F0A-4FEF-8242-5EE90C69F46D}.Debug|Any CPU.Build.0 = Debug|Any CPU
		{31E9E849-4F0A-4FEF-8242-5EE90C69F46D}.Release|Any CPU.ActiveCfg = Release|Any CPU
		{31E9E849-4F0A-4FEF-8242-5EE90C69F46D}.Release|Any CPU.Build.0 = Release|Any CPU
		{06BEFBC8-B2C9-466B-9393-ECCC74481AE9}.Debug|Any CPU.ActiveCfg = Debug|Any CPU
		{06BEFBC8-B2C9-466B-9393-ECCC74481AE9}.Debug|Any CPU.Build.0 = Debug|Any CPU
		{06BEFBC8-B2C9-466B-9393-ECCC74481AE9}.Release|Any CPU.ActiveCfg = Release|Any CPU
		{06BEFBC8-B2C9-466B-9393-ECCC74481AE9}.Release|Any CPU.Build.0 = Release|Any CPU
		{2E74457A-B0D3-4234-A92F-AF746ECBC433}.Debug|Any CPU.ActiveCfg = Debug|Any CPU
		{2E74457A-B0D3-4234-A92F-AF746ECBC433}.Debug|Any CPU.Build.0 = Debug|Any CPU
		{2E74457A-B0D3-4234-A92F-AF746ECBC433}.Release|Any CPU.ActiveCfg = Release|Any CPU
		{2E74457A-B0D3-4234-A92F-AF746ECBC433}.Release|Any CPU.Build.0 = Release|Any CPU
		{8F00BC5D-E0CC-4D5F-AF71-0DB7D656C840}.Debug|Any CPU.ActiveCfg = Debug|Any CPU
		{8F00BC5D-E0CC-4D5F-AF71-0DB7D656C840}.Debug|Any CPU.Build.0 = Debug|Any CPU
		{8F00BC5D-E0CC-4D5F-AF71-0DB7D656C840}.Release|Any CPU.ActiveCfg = Release|Any CPU
		{8F00BC5D-E0CC-4D5F-AF71-0DB7D656C840}.Release|Any CPU.Build.0 = Release|Any CPU
		{D83F7D41-9F34-4D3C-A811-C0AA3B80EBC5}.Debug|Any CPU.ActiveCfg = Debug|Any CPU
		{D83F7D41-9F34-4D3C-A811-C0AA3B80EBC5}.Debug|Any CPU.Build.0 = Debug|Any CPU
		{D83F7D41-9F34-4D3C-A811-C0AA3B80EBC5}.Release|Any CPU.ActiveCfg = Release|Any CPU
		{D83F7D41-9F34-4D3C-A811-C0AA3B80EBC5}.Release|Any CPU.Build.0 = Release|Any CPU
		{90929CE5-857B-4FD2-B1F5-C91F244489F9}.Debug|Any CPU.ActiveCfg = Debug|Any CPU
		{90929CE5-857B-4FD2-B1F5-C91F244489F9}.Debug|Any CPU.Build.0 = Debug|Any CPU
		{90929CE5-857B-4FD2-B1F5-C91F244489F9}.Release|Any CPU.ActiveCfg = Release|Any CPU
		{90929CE5-857B-4FD2-B1F5-C91F244489F9}.Release|Any CPU.Build.0 = Release|Any CPU
		{B30FA3B6-5EA4-4822-BC87-8C0BDFF22437}.Debug|Any CPU.ActiveCfg = Debug|Any CPU
		{B30FA3B6-5EA4-4822-BC87-8C0BDFF22437}.Debug|Any CPU.Build.0 = Debug|Any CPU
		{B30FA3B6-5EA4-4822-BC87-8C0BDFF22437}.Release|Any CPU.ActiveCfg = Release|Any CPU
		{B30FA3B6-5EA4-4822-BC87-8C0BDFF22437}.Release|Any CPU.Build.0 = Release|Any CPU
		{668FB7C0-A012-4403-9CE1-0F1E2A05ABFA}.Debug|Any CPU.ActiveCfg = Debug|Any CPU
		{668FB7C0-A012-4403-9CE1-0F1E2A05ABFA}.Debug|Any CPU.Build.0 = Debug|Any CPU
		{668FB7C0-A012-4403-9CE1-0F1E2A05ABFA}.Release|Any CPU.ActiveCfg = Release|Any CPU
		{668FB7C0-A012-4403-9CE1-0F1E2A05ABFA}.Release|Any CPU.Build.0 = Release|Any CPU
		{1AE7C39D-8732-4CF3-92AD-DB3622F1A95B}.Debug|Any CPU.ActiveCfg = Debug|Any CPU
		{1AE7C39D-8732-4CF3-92AD-DB3622F1A95B}.Debug|Any CPU.Build.0 = Debug|Any CPU
		{1AE7C39D-8732-4CF3-92AD-DB3622F1A95B}.Release|Any CPU.ActiveCfg = Release|Any CPU
		{1AE7C39D-8732-4CF3-92AD-DB3622F1A95B}.Release|Any CPU.Build.0 = Release|Any CPU
		{746AF4B2-6C90-4A02-A951-477E735DC876}.Debug|Any CPU.ActiveCfg = Debug|Any CPU
		{746AF4B2-6C90-4A02-A951-477E735DC876}.Debug|Any CPU.Build.0 = Debug|Any CPU
		{746AF4B2-6C90-4A02-A951-477E735DC876}.Release|Any CPU.ActiveCfg = Release|Any CPU
		{746AF4B2-6C90-4A02-A951-477E735DC876}.Release|Any CPU.Build.0 = Release|Any CPU
		{E8E91BA9-3E3D-43D9-9EE5-C3F06159D1D3}.Debug|Any CPU.ActiveCfg = Debug|Any CPU
		{E8E91BA9-3E3D-43D9-9EE5-C3F06159D1D3}.Debug|Any CPU.Build.0 = Debug|Any CPU
		{E8E91BA9-3E3D-43D9-9EE5-C3F06159D1D3}.Release|Any CPU.ActiveCfg = Release|Any CPU
		{E8E91BA9-3E3D-43D9-9EE5-C3F06159D1D3}.Release|Any CPU.Build.0 = Release|Any CPU
		{C59FE1E2-0813-427B-A074-BD4724E7DAA6}.Debug|Any CPU.ActiveCfg = Debug|Any CPU
		{C59FE1E2-0813-427B-A074-BD4724E7DAA6}.Debug|Any CPU.Build.0 = Debug|Any CPU
		{C59FE1E2-0813-427B-A074-BD4724E7DAA6}.Release|Any CPU.ActiveCfg = Release|Any CPU
		{C59FE1E2-0813-427B-A074-BD4724E7DAA6}.Release|Any CPU.Build.0 = Release|Any CPU
		{0A7D7622-72E7-407E-906E-4AE95F2376C5}.Debug|Any CPU.ActiveCfg = Debug|Any CPU
		{0A7D7622-72E7-407E-906E-4AE95F2376C5}.Debug|Any CPU.Build.0 = Debug|Any CPU
		{0A7D7622-72E7-407E-906E-4AE95F2376C5}.Release|Any CPU.ActiveCfg = Release|Any CPU
		{0A7D7622-72E7-407E-906E-4AE95F2376C5}.Release|Any CPU.Build.0 = Release|Any CPU
		{02F438B9-0647-49DE-A73B-56B19C05AD9F}.Debug|Any CPU.ActiveCfg = Debug|Any CPU
		{02F438B9-0647-49DE-A73B-56B19C05AD9F}.Debug|Any CPU.Build.0 = Debug|Any CPU
		{02F438B9-0647-49DE-A73B-56B19C05AD9F}.Release|Any CPU.ActiveCfg = Release|Any CPU
		{02F438B9-0647-49DE-A73B-56B19C05AD9F}.Release|Any CPU.Build.0 = Release|Any CPU
		{F81B9B71-F328-458B-8109-CC6181DED241}.Debug|Any CPU.ActiveCfg = Debug|Any CPU
		{F81B9B71-F328-458B-8109-CC6181DED241}.Debug|Any CPU.Build.0 = Debug|Any CPU
		{F81B9B71-F328-458B-8109-CC6181DED241}.Release|Any CPU.ActiveCfg = Release|Any CPU
		{F81B9B71-F328-458B-8109-CC6181DED241}.Release|Any CPU.Build.0 = Release|Any CPU
		{E94A90D8-34AD-4FAC-BF8D-1C19B7D68B16}.Debug|Any CPU.ActiveCfg = Debug|Any CPU
		{E94A90D8-34AD-4FAC-BF8D-1C19B7D68B16}.Debug|Any CPU.Build.0 = Debug|Any CPU
		{E94A90D8-34AD-4FAC-BF8D-1C19B7D68B16}.Release|Any CPU.ActiveCfg = Release|Any CPU
		{E94A90D8-34AD-4FAC-BF8D-1C19B7D68B16}.Release|Any CPU.Build.0 = Release|Any CPU
		{069302AF-682D-4811-8E74-454EC7A39C22}.Debug|Any CPU.ActiveCfg = Debug|Any CPU
		{069302AF-682D-4811-8E74-454EC7A39C22}.Debug|Any CPU.Build.0 = Debug|Any CPU
		{069302AF-682D-4811-8E74-454EC7A39C22}.Release|Any CPU.ActiveCfg = Release|Any CPU
		{069302AF-682D-4811-8E74-454EC7A39C22}.Release|Any CPU.Build.0 = Release|Any CPU
		{F053908B-7422-40A0-81EA-F4DED882833A}.Debug|Any CPU.ActiveCfg = Debug|Any CPU
		{F053908B-7422-40A0-81EA-F4DED882833A}.Debug|Any CPU.Build.0 = Debug|Any CPU
		{F053908B-7422-40A0-81EA-F4DED882833A}.Release|Any CPU.ActiveCfg = Release|Any CPU
		{F053908B-7422-40A0-81EA-F4DED882833A}.Release|Any CPU.Build.0 = Release|Any CPU
		{5B038E08-89AD-4CAC-82DD-587A422B9353}.Debug|Any CPU.ActiveCfg = Debug|Any CPU
		{5B038E08-89AD-4CAC-82DD-587A422B9353}.Debug|Any CPU.Build.0 = Debug|Any CPU
		{5B038E08-89AD-4CAC-82DD-587A422B9353}.Release|Any CPU.ActiveCfg = Release|Any CPU
		{5B038E08-89AD-4CAC-82DD-587A422B9353}.Release|Any CPU.Build.0 = Release|Any CPU
		{A69A9B87-F685-4BF7-BE3A-1C1A049F471B}.Debug|Any CPU.ActiveCfg = Debug|Any CPU
		{A69A9B87-F685-4BF7-BE3A-1C1A049F471B}.Debug|Any CPU.Build.0 = Debug|Any CPU
		{A69A9B87-F685-4BF7-BE3A-1C1A049F471B}.Release|Any CPU.ActiveCfg = Release|Any CPU
		{A69A9B87-F685-4BF7-BE3A-1C1A049F471B}.Release|Any CPU.Build.0 = Release|Any CPU
		{7CC340C2-FF85-4805-ADA2-91A089E6F7F5}.Debug|Any CPU.ActiveCfg = Debug|Any CPU
		{7CC340C2-FF85-4805-ADA2-91A089E6F7F5}.Debug|Any CPU.Build.0 = Debug|Any CPU
		{7CC340C2-FF85-4805-ADA2-91A089E6F7F5}.Release|Any CPU.ActiveCfg = Release|Any CPU
		{7CC340C2-FF85-4805-ADA2-91A089E6F7F5}.Release|Any CPU.Build.0 = Release|Any CPU
		{3B899E43-7CE7-4A0B-A9F1-3E86EAD6C3A2}.Debug|Any CPU.ActiveCfg = Debug|Any CPU
		{3B899E43-7CE7-4A0B-A9F1-3E86EAD6C3A2}.Debug|Any CPU.Build.0 = Debug|Any CPU
		{3B899E43-7CE7-4A0B-A9F1-3E86EAD6C3A2}.Release|Any CPU.ActiveCfg = Release|Any CPU
		{3B899E43-7CE7-4A0B-A9F1-3E86EAD6C3A2}.Release|Any CPU.Build.0 = Release|Any CPU
		{788DD76B-CA05-4756-A2D2-CA050E29593D}.Debug|Any CPU.ActiveCfg = Debug|Any CPU
		{788DD76B-CA05-4756-A2D2-CA050E29593D}.Debug|Any CPU.Build.0 = Debug|Any CPU
		{788DD76B-CA05-4756-A2D2-CA050E29593D}.Release|Any CPU.ActiveCfg = Release|Any CPU
		{788DD76B-CA05-4756-A2D2-CA050E29593D}.Release|Any CPU.Build.0 = Release|Any CPU
		{0710E543-17D4-466C-8C46-9F4811544844}.Debug|Any CPU.ActiveCfg = Debug|Any CPU
		{0710E543-17D4-466C-8C46-9F4811544844}.Debug|Any CPU.Build.0 = Debug|Any CPU
		{0710E543-17D4-466C-8C46-9F4811544844}.Release|Any CPU.ActiveCfg = Release|Any CPU
		{0710E543-17D4-466C-8C46-9F4811544844}.Release|Any CPU.Build.0 = Release|Any CPU
		{D0904DB7-31AF-409D-A928-E92990203A8B}.Debug|Any CPU.ActiveCfg = Debug|Any CPU
		{D0904DB7-31AF-409D-A928-E92990203A8B}.Debug|Any CPU.Build.0 = Debug|Any CPU
		{D0904DB7-31AF-409D-A928-E92990203A8B}.Release|Any CPU.ActiveCfg = Release|Any CPU
		{D0904DB7-31AF-409D-A928-E92990203A8B}.Release|Any CPU.Build.0 = Release|Any CPU
		{C565E28E-0C4D-4BEA-835C-F4B5898AFBD5}.Debug|Any CPU.ActiveCfg = Debug|Any CPU
		{C565E28E-0C4D-4BEA-835C-F4B5898AFBD5}.Debug|Any CPU.Build.0 = Debug|Any CPU
		{C565E28E-0C4D-4BEA-835C-F4B5898AFBD5}.Release|Any CPU.ActiveCfg = Release|Any CPU
		{C565E28E-0C4D-4BEA-835C-F4B5898AFBD5}.Release|Any CPU.Build.0 = Release|Any CPU
		{CB254A63-6B09-4490-B9ED-8F9FC24DCC46}.Debug|Any CPU.ActiveCfg = Debug|Any CPU
		{CB254A63-6B09-4490-B9ED-8F9FC24DCC46}.Debug|Any CPU.Build.0 = Debug|Any CPU
		{CB254A63-6B09-4490-B9ED-8F9FC24DCC46}.Release|Any CPU.ActiveCfg = Release|Any CPU
		{CB254A63-6B09-4490-B9ED-8F9FC24DCC46}.Release|Any CPU.Build.0 = Release|Any CPU
		{F1974B9A-79EB-4B53-AB6B-687C32885925}.Debug|Any CPU.ActiveCfg = Debug|Any CPU
		{F1974B9A-79EB-4B53-AB6B-687C32885925}.Debug|Any CPU.Build.0 = Debug|Any CPU
		{F1974B9A-79EB-4B53-AB6B-687C32885925}.Release|Any CPU.ActiveCfg = Release|Any CPU
		{F1974B9A-79EB-4B53-AB6B-687C32885925}.Release|Any CPU.Build.0 = Release|Any CPU
		{2CFDAAD5-4893-46E0-A932-F17F7BF4C250}.Debug|Any CPU.ActiveCfg = Debug|Any CPU
		{2CFDAAD5-4893-46E0-A932-F17F7BF4C250}.Debug|Any CPU.Build.0 = Debug|Any CPU
		{2CFDAAD5-4893-46E0-A932-F17F7BF4C250}.Release|Any CPU.ActiveCfg = Release|Any CPU
		{2CFDAAD5-4893-46E0-A932-F17F7BF4C250}.Release|Any CPU.Build.0 = Release|Any CPU
		{BEB8398D-47F0-43F5-8924-7362E2CBCB85}.Debug|Any CPU.ActiveCfg = Debug|Any CPU
		{BEB8398D-47F0-43F5-8924-7362E2CBCB85}.Debug|Any CPU.Build.0 = Debug|Any CPU
		{BEB8398D-47F0-43F5-8924-7362E2CBCB85}.Release|Any CPU.ActiveCfg = Release|Any CPU
		{BEB8398D-47F0-43F5-8924-7362E2CBCB85}.Release|Any CPU.Build.0 = Release|Any CPU
		{617B6242-A70F-43C8-B98C-EDE00ADD5B89}.Debug|Any CPU.ActiveCfg = Debug|Any CPU
		{617B6242-A70F-43C8-B98C-EDE00ADD5B89}.Debug|Any CPU.Build.0 = Debug|Any CPU
		{617B6242-A70F-43C8-B98C-EDE00ADD5B89}.Release|Any CPU.ActiveCfg = Release|Any CPU
		{617B6242-A70F-43C8-B98C-EDE00ADD5B89}.Release|Any CPU.Build.0 = Release|Any CPU
		{709FD22A-8D78-4B95-9CAF-0767871B3D17}.Debug|Any CPU.ActiveCfg = Debug|Any CPU
		{709FD22A-8D78-4B95-9CAF-0767871B3D17}.Debug|Any CPU.Build.0 = Debug|Any CPU
		{709FD22A-8D78-4B95-9CAF-0767871B3D17}.Release|Any CPU.ActiveCfg = Release|Any CPU
		{709FD22A-8D78-4B95-9CAF-0767871B3D17}.Release|Any CPU.Build.0 = Release|Any CPU
		{CBCC2368-0B0D-4183-929E-6B291F0DEE45}.Debug|Any CPU.ActiveCfg = Debug|Any CPU
		{CBCC2368-0B0D-4183-929E-6B291F0DEE45}.Debug|Any CPU.Build.0 = Debug|Any CPU
		{CBCC2368-0B0D-4183-929E-6B291F0DEE45}.Release|Any CPU.ActiveCfg = Release|Any CPU
		{CBCC2368-0B0D-4183-929E-6B291F0DEE45}.Release|Any CPU.Build.0 = Release|Any CPU
		{2639D06C-AF6C-443D-8660-0DBC3AF62BFA}.Debug|Any CPU.ActiveCfg = Debug|Any CPU
		{2639D06C-AF6C-443D-8660-0DBC3AF62BFA}.Debug|Any CPU.Build.0 = Debug|Any CPU
		{2639D06C-AF6C-443D-8660-0DBC3AF62BFA}.Release|Any CPU.ActiveCfg = Release|Any CPU
		{2639D06C-AF6C-443D-8660-0DBC3AF62BFA}.Release|Any CPU.Build.0 = Release|Any CPU
		{E5ACA328-6144-4F5A-A630-34DE00B52EED}.Debug|Any CPU.ActiveCfg = Debug|Any CPU
		{E5ACA328-6144-4F5A-A630-34DE00B52EED}.Debug|Any CPU.Build.0 = Debug|Any CPU
		{E5ACA328-6144-4F5A-A630-34DE00B52EED}.Release|Any CPU.ActiveCfg = Release|Any CPU
		{E5ACA328-6144-4F5A-A630-34DE00B52EED}.Release|Any CPU.Build.0 = Release|Any CPU
		{E38E1852-5FD1-4495-A820-F31A8116E95D}.Debug|Any CPU.ActiveCfg = Debug|Any CPU
		{E38E1852-5FD1-4495-A820-F31A8116E95D}.Debug|Any CPU.Build.0 = Debug|Any CPU
		{E38E1852-5FD1-4495-A820-F31A8116E95D}.Release|Any CPU.ActiveCfg = Release|Any CPU
		{E38E1852-5FD1-4495-A820-F31A8116E95D}.Release|Any CPU.Build.0 = Release|Any CPU
		{377BE0F6-4F60-4A26-AB3E-426FF9CCD9B6}.Debug|Any CPU.ActiveCfg = Debug|Any CPU
		{377BE0F6-4F60-4A26-AB3E-426FF9CCD9B6}.Debug|Any CPU.Build.0 = Debug|Any CPU
		{377BE0F6-4F60-4A26-AB3E-426FF9CCD9B6}.Release|Any CPU.ActiveCfg = Release|Any CPU
		{377BE0F6-4F60-4A26-AB3E-426FF9CCD9B6}.Release|Any CPU.Build.0 = Release|Any CPU
		{5089EB57-03A2-4812-864F-04F73308978E}.Debug|Any CPU.ActiveCfg = Debug|Any CPU
		{5089EB57-03A2-4812-864F-04F73308978E}.Debug|Any CPU.Build.0 = Debug|Any CPU
		{5089EB57-03A2-4812-864F-04F73308978E}.Release|Any CPU.ActiveCfg = Release|Any CPU
		{5089EB57-03A2-4812-864F-04F73308978E}.Release|Any CPU.Build.0 = Release|Any CPU
		{C8208C1D-8E47-4D36-91C8-8D6D401FBFC8}.Debug|Any CPU.ActiveCfg = Debug|Any CPU
		{C8208C1D-8E47-4D36-91C8-8D6D401FBFC8}.Debug|Any CPU.Build.0 = Debug|Any CPU
		{C8208C1D-8E47-4D36-91C8-8D6D401FBFC8}.Release|Any CPU.ActiveCfg = Release|Any CPU
		{C8208C1D-8E47-4D36-91C8-8D6D401FBFC8}.Release|Any CPU.Build.0 = Release|Any CPU
		{3AF914B2-EA31-46C2-8D45-274EAF8FF966}.Debug|Any CPU.ActiveCfg = Debug|Any CPU
		{3AF914B2-EA31-46C2-8D45-274EAF8FF966}.Debug|Any CPU.Build.0 = Debug|Any CPU
		{3AF914B2-EA31-46C2-8D45-274EAF8FF966}.Release|Any CPU.ActiveCfg = Release|Any CPU
		{3AF914B2-EA31-46C2-8D45-274EAF8FF966}.Release|Any CPU.Build.0 = Release|Any CPU
		{F4DCE770-B581-484A-ADBF-FA7D71E23FDD}.Debug|Any CPU.ActiveCfg = Debug|Any CPU
		{F4DCE770-B581-484A-ADBF-FA7D71E23FDD}.Debug|Any CPU.Build.0 = Debug|Any CPU
		{F4DCE770-B581-484A-ADBF-FA7D71E23FDD}.Release|Any CPU.ActiveCfg = Release|Any CPU
		{F4DCE770-B581-484A-ADBF-FA7D71E23FDD}.Release|Any CPU.Build.0 = Release|Any CPU
		{ED21DA11-65AF-4183-A8F0-940E6F8B3391}.Debug|Any CPU.ActiveCfg = Debug|Any CPU
		{ED21DA11-65AF-4183-A8F0-940E6F8B3391}.Debug|Any CPU.Build.0 = Debug|Any CPU
		{ED21DA11-65AF-4183-A8F0-940E6F8B3391}.Release|Any CPU.ActiveCfg = Release|Any CPU
		{ED21DA11-65AF-4183-A8F0-940E6F8B3391}.Release|Any CPU.Build.0 = Release|Any CPU
		{1F6C963D-22C5-4468-9246-0AF40D6C0210}.Debug|Any CPU.ActiveCfg = Debug|Any CPU
		{1F6C963D-22C5-4468-9246-0AF40D6C0210}.Debug|Any CPU.Build.0 = Debug|Any CPU
		{1F6C963D-22C5-4468-9246-0AF40D6C0210}.Release|Any CPU.ActiveCfg = Release|Any CPU
		{1F6C963D-22C5-4468-9246-0AF40D6C0210}.Release|Any CPU.Build.0 = Release|Any CPU
		{32835A70-07C2-4AB9-B6A9-5C1E16C5ABBD}.Debug|Any CPU.ActiveCfg = Debug|Any CPU
		{32835A70-07C2-4AB9-B6A9-5C1E16C5ABBD}.Debug|Any CPU.Build.0 = Debug|Any CPU
		{32835A70-07C2-4AB9-B6A9-5C1E16C5ABBD}.Release|Any CPU.ActiveCfg = Release|Any CPU
		{32835A70-07C2-4AB9-B6A9-5C1E16C5ABBD}.Release|Any CPU.Build.0 = Release|Any CPU
		{6025F98F-BB8F-4FD0-B5FF-D56D4D0AAC63}.Debug|Any CPU.ActiveCfg = Debug|Any CPU
		{6025F98F-BB8F-4FD0-B5FF-D56D4D0AAC63}.Debug|Any CPU.Build.0 = Debug|Any CPU
		{6025F98F-BB8F-4FD0-B5FF-D56D4D0AAC63}.Release|Any CPU.ActiveCfg = Release|Any CPU
		{6025F98F-BB8F-4FD0-B5FF-D56D4D0AAC63}.Release|Any CPU.Build.0 = Release|Any CPU
		{ED4DD3E7-E194-4256-AB49-FDDE54460101}.Debug|Any CPU.ActiveCfg = Debug|Any CPU
		{ED4DD3E7-E194-4256-AB49-FDDE54460101}.Debug|Any CPU.Build.0 = Debug|Any CPU
		{ED4DD3E7-E194-4256-AB49-FDDE54460101}.Release|Any CPU.ActiveCfg = Release|Any CPU
		{ED4DD3E7-E194-4256-AB49-FDDE54460101}.Release|Any CPU.Build.0 = Release|Any CPU
		{B7404D68-0BA7-4A6C-9DE7-AD9F3BA43187}.Debug|Any CPU.ActiveCfg = Debug|Any CPU
		{B7404D68-0BA7-4A6C-9DE7-AD9F3BA43187}.Debug|Any CPU.Build.0 = Debug|Any CPU
		{B7404D68-0BA7-4A6C-9DE7-AD9F3BA43187}.Release|Any CPU.ActiveCfg = Release|Any CPU
		{B7404D68-0BA7-4A6C-9DE7-AD9F3BA43187}.Release|Any CPU.Build.0 = Release|Any CPU
		{39BBEECA-F4F0-48D9-97F8-BFDB0C2B07BD}.Debug|Any CPU.ActiveCfg = Debug|Any CPU
		{39BBEECA-F4F0-48D9-97F8-BFDB0C2B07BD}.Debug|Any CPU.Build.0 = Debug|Any CPU
		{39BBEECA-F4F0-48D9-97F8-BFDB0C2B07BD}.Release|Any CPU.ActiveCfg = Release|Any CPU
		{39BBEECA-F4F0-48D9-97F8-BFDB0C2B07BD}.Release|Any CPU.Build.0 = Release|Any CPU
		{9810BD9C-979C-45F2-9802-BC145EEB14A1}.Debug|Any CPU.ActiveCfg = Debug|Any CPU
		{9810BD9C-979C-45F2-9802-BC145EEB14A1}.Debug|Any CPU.Build.0 = Debug|Any CPU
		{9810BD9C-979C-45F2-9802-BC145EEB14A1}.Release|Any CPU.ActiveCfg = Release|Any CPU
		{9810BD9C-979C-45F2-9802-BC145EEB14A1}.Release|Any CPU.Build.0 = Release|Any CPU
		{6EB83E53-0AAC-48BD-90F0-3CEF56626729}.Debug|Any CPU.ActiveCfg = Debug|Any CPU
		{6EB83E53-0AAC-48BD-90F0-3CEF56626729}.Debug|Any CPU.Build.0 = Debug|Any CPU
		{6EB83E53-0AAC-48BD-90F0-3CEF56626729}.Release|Any CPU.ActiveCfg = Release|Any CPU
		{6EB83E53-0AAC-48BD-90F0-3CEF56626729}.Release|Any CPU.Build.0 = Release|Any CPU
		{F638CE18-EC3C-4C15-9054-78185DC063D9}.Debug|Any CPU.ActiveCfg = Debug|Any CPU
		{F638CE18-EC3C-4C15-9054-78185DC063D9}.Debug|Any CPU.Build.0 = Debug|Any CPU
		{F638CE18-EC3C-4C15-9054-78185DC063D9}.Release|Any CPU.ActiveCfg = Release|Any CPU
		{F638CE18-EC3C-4C15-9054-78185DC063D9}.Release|Any CPU.Build.0 = Release|Any CPU
		{BD51CCAB-E22A-4BEB-BC18-7439C8E3262C}.Debug|Any CPU.ActiveCfg = Debug|Any CPU
		{BD51CCAB-E22A-4BEB-BC18-7439C8E3262C}.Debug|Any CPU.Build.0 = Debug|Any CPU
		{BD51CCAB-E22A-4BEB-BC18-7439C8E3262C}.Release|Any CPU.ActiveCfg = Release|Any CPU
		{BD51CCAB-E22A-4BEB-BC18-7439C8E3262C}.Release|Any CPU.Build.0 = Release|Any CPU
		{A7AA60B5-89FC-4596-A591-1AFFC4443E08}.Debug|Any CPU.ActiveCfg = Debug|Any CPU
		{A7AA60B5-89FC-4596-A591-1AFFC4443E08}.Debug|Any CPU.Build.0 = Debug|Any CPU
		{A7AA60B5-89FC-4596-A591-1AFFC4443E08}.Release|Any CPU.ActiveCfg = Release|Any CPU
		{A7AA60B5-89FC-4596-A591-1AFFC4443E08}.Release|Any CPU.Build.0 = Release|Any CPU
		{1A5D34C1-80C6-461A-AC5F-30C2B5CFEB70}.Debug|Any CPU.ActiveCfg = Debug|Any CPU
		{1A5D34C1-80C6-461A-AC5F-30C2B5CFEB70}.Debug|Any CPU.Build.0 = Debug|Any CPU
		{1A5D34C1-80C6-461A-AC5F-30C2B5CFEB70}.Release|Any CPU.ActiveCfg = Release|Any CPU
		{1A5D34C1-80C6-461A-AC5F-30C2B5CFEB70}.Release|Any CPU.Build.0 = Release|Any CPU
		{ED4C8416-0E26-4F0F-9015-BB70F55047DC}.Debug|Any CPU.ActiveCfg = Debug|Any CPU
		{ED4C8416-0E26-4F0F-9015-BB70F55047DC}.Debug|Any CPU.Build.0 = Debug|Any CPU
		{ED4C8416-0E26-4F0F-9015-BB70F55047DC}.Release|Any CPU.ActiveCfg = Release|Any CPU
		{ED4C8416-0E26-4F0F-9015-BB70F55047DC}.Release|Any CPU.Build.0 = Release|Any CPU
		{50420688-3ADC-4137-9DAF-A268E1FEDBAD}.Debug|Any CPU.ActiveCfg = Debug|Any CPU
		{50420688-3ADC-4137-9DAF-A268E1FEDBAD}.Debug|Any CPU.Build.0 = Debug|Any CPU
		{50420688-3ADC-4137-9DAF-A268E1FEDBAD}.Release|Any CPU.ActiveCfg = Release|Any CPU
		{50420688-3ADC-4137-9DAF-A268E1FEDBAD}.Release|Any CPU.Build.0 = Release|Any CPU
	EndGlobalSection
	GlobalSection(SolutionProperties) = preSolution
		HideSolutionNode = FALSE
	EndGlobalSection
	GlobalSection(ExtensibilityGlobals) = postSolution
		SolutionGuid = {74C87FF5-5CDC-4683-8F08-ABBCFC85B6F4}
	EndGlobalSection
EndGlobal
